// !$*UTF8*$!
{
	archiveVersion = 1;
	classes = {
	};
	objectVersion = 50;
	objects = {

/* Begin PBXBuildFile section */
		EA6B3664259CDF670067DF84 /* PurchaseListTableViewController.swift in Sources */ = {isa = PBXBuildFile; fileRef = EA6B3662259CDF670067DF84 /* PurchaseListTableViewController.swift */; };
		EA6B3677259CE9C20067DF84 /* PurchaseTableViewCell.swift in Sources */ = {isa = PBXBuildFile; fileRef = EA6B3675259CE9C20067DF84 /* PurchaseTableViewCell.swift */; };
		EA6B3695259D25800067DF84 /* AddEditProductViewController.swift in Sources */ = {isa = PBXBuildFile; fileRef = EA6B3694259D25800067DF84 /* AddEditProductViewController.swift */; };
		EA9D4A87259BC00700D714E3 /* AppDelegate.swift in Sources */ = {isa = PBXBuildFile; fileRef = EA9D4A86259BC00700D714E3 /* AppDelegate.swift */; };
		EA9D4A8E259BC00700D714E3 /* Main.storyboard in Resources */ = {isa = PBXBuildFile; fileRef = EA9D4A8C259BC00700D714E3 /* Main.storyboard */; };
		EA9D4A91259BC00700D714E3 /* PurchaseDataModel.xcdatamodeld in Sources */ = {isa = PBXBuildFile; fileRef = EA9D4A8F259BC00700D714E3 /* PurchaseDataModel.xcdatamodeld */; };
		EA9D4A93259BC00700D714E3 /* Assets.xcassets in Resources */ = {isa = PBXBuildFile; fileRef = EA9D4A92259BC00700D714E3 /* Assets.xcassets */; };
		EA9D4A96259BC00700D714E3 /* LaunchScreen.storyboard in Resources */ = {isa = PBXBuildFile; fileRef = EA9D4A94259BC00700D714E3 /* LaunchScreen.storyboard */; };
		EA9D4AA1259BC00800D714E3 /* BarbaraPedroKauaTrabalhoFIAPTests.swift in Sources */ = {isa = PBXBuildFile; fileRef = EA9D4AA0259BC00800D714E3 /* BarbaraPedroKauaTrabalhoFIAPTests.swift */; };
		EA9D4AAC259BC00800D714E3 /* BarbaraPedroKauaTrabalhoFIAPUITests.swift in Sources */ = {isa = PBXBuildFile; fileRef = EA9D4AAB259BC00800D714E3 /* BarbaraPedroKauaTrabalhoFIAPUITests.swift */; };
		EAE025E9259D7EFE00EDA6E4 /* UIViewController+Context.swift in Sources */ = {isa = PBXBuildFile; fileRef = EAE025E8259D7EFE00EDA6E4 /* UIViewController+Context.swift */; };
/* End PBXBuildFile section */

/* Begin PBXContainerItemProxy section */
		EA9D4A9D259BC00800D714E3 /* PBXContainerItemProxy */ = {
			isa = PBXContainerItemProxy;
			containerPortal = EA9D4A7B259BC00700D714E3 /* Project object */;
			proxyType = 1;
			remoteGlobalIDString = EA9D4A82259BC00700D714E3;
			remoteInfo = TrabalhoConclusaoiOSFiap;
		};
		EA9D4AA8259BC00800D714E3 /* PBXContainerItemProxy */ = {
			isa = PBXContainerItemProxy;
			containerPortal = EA9D4A7B259BC00700D714E3 /* Project object */;
			proxyType = 1;
			remoteGlobalIDString = EA9D4A82259BC00700D714E3;
			remoteInfo = TrabalhoConclusaoiOSFiap;
		};
/* End PBXContainerItemProxy section */

/* Begin PBXFileReference section */
		EA6B3662259CDF670067DF84 /* PurchaseListTableViewController.swift */ = {isa = PBXFileReference; lastKnownFileType = sourcecode.swift; path = PurchaseListTableViewController.swift; sourceTree = "<group>"; };
		EA6B3675259CE9C20067DF84 /* PurchaseTableViewCell.swift */ = {isa = PBXFileReference; lastKnownFileType = sourcecode.swift; path = PurchaseTableViewCell.swift; sourceTree = "<group>"; };
		EA6B3694259D25800067DF84 /* AddEditProductViewController.swift */ = {isa = PBXFileReference; lastKnownFileType = sourcecode.swift; path = AddEditProductViewController.swift; sourceTree = "<group>"; };
		EA9D4A83259BC00700D714E3 /* BarbaraPedroKauaTrabalhoFIAP.app */ = {isa = PBXFileReference; explicitFileType = wrapper.application; includeInIndex = 0; path = BarbaraPedroKauaTrabalhoFIAP.app; sourceTree = BUILT_PRODUCTS_DIR; };
		EA9D4A86259BC00700D714E3 /* AppDelegate.swift */ = {isa = PBXFileReference; lastKnownFileType = sourcecode.swift; path = AppDelegate.swift; sourceTree = "<group>"; };
		EA9D4A8D259BC00700D714E3 /* Base */ = {isa = PBXFileReference; lastKnownFileType = file.storyboard; name = Base; path = Base.lproj/Main.storyboard; sourceTree = "<group>"; };
		EA9D4A90259BC00700D714E3 /* TrabalhoConclusaoiOSFiap.xcdatamodel */ = {isa = PBXFileReference; lastKnownFileType = wrapper.xcdatamodel; path = TrabalhoConclusaoiOSFiap.xcdatamodel; sourceTree = "<group>"; };
		EA9D4A92259BC00700D714E3 /* Assets.xcassets */ = {isa = PBXFileReference; lastKnownFileType = folder.assetcatalog; path = Assets.xcassets; sourceTree = "<group>"; };
		EA9D4A95259BC00700D714E3 /* Base */ = {isa = PBXFileReference; lastKnownFileType = file.storyboard; name = Base; path = Base.lproj/LaunchScreen.storyboard; sourceTree = "<group>"; };
		EA9D4A97259BC00700D714E3 /* Info.plist */ = {isa = PBXFileReference; lastKnownFileType = text.plist.xml; path = Info.plist; sourceTree = "<group>"; };
		EA9D4A9C259BC00800D714E3 /* BarbaraPedroKauaTrabalhoFIAPTests.xctest */ = {isa = PBXFileReference; explicitFileType = wrapper.cfbundle; includeInIndex = 0; path = BarbaraPedroKauaTrabalhoFIAPTests.xctest; sourceTree = BUILT_PRODUCTS_DIR; };
		EA9D4AA0259BC00800D714E3 /* BarbaraPedroKauaTrabalhoFIAPTests.swift */ = {isa = PBXFileReference; lastKnownFileType = sourcecode.swift; path = BarbaraPedroKauaTrabalhoFIAPTests.swift; sourceTree = "<group>"; };
		EA9D4AA2259BC00800D714E3 /* Info.plist */ = {isa = PBXFileReference; lastKnownFileType = text.plist.xml; path = Info.plist; sourceTree = "<group>"; };
		EA9D4AA7259BC00800D714E3 /* BarbaraPedroKauaTrabalhoFIAPUITests.xctest */ = {isa = PBXFileReference; explicitFileType = wrapper.cfbundle; includeInIndex = 0; path = BarbaraPedroKauaTrabalhoFIAPUITests.xctest; sourceTree = BUILT_PRODUCTS_DIR; };
		EA9D4AAB259BC00800D714E3 /* BarbaraPedroKauaTrabalhoFIAPUITests.swift */ = {isa = PBXFileReference; lastKnownFileType = sourcecode.swift; path = BarbaraPedroKauaTrabalhoFIAPUITests.swift; sourceTree = "<group>"; };
		EA9D4AAD259BC00800D714E3 /* Info.plist */ = {isa = PBXFileReference; lastKnownFileType = text.plist.xml; path = Info.plist; sourceTree = "<group>"; };
		EAE025E8259D7EFE00EDA6E4 /* UIViewController+Context.swift */ = {isa = PBXFileReference; lastKnownFileType = sourcecode.swift; path = "UIViewController+Context.swift"; sourceTree = "<group>"; };
/* End PBXFileReference section */

/* Begin PBXFrameworksBuildPhase section */
		EA9D4A80259BC00700D714E3 /* Frameworks */ = {
			isa = PBXFrameworksBuildPhase;
			buildActionMask = 2147483647;
			files = (
			);
			runOnlyForDeploymentPostprocessing = 0;
		};
		EA9D4A99259BC00800D714E3 /* Frameworks */ = {
			isa = PBXFrameworksBuildPhase;
			buildActionMask = 2147483647;
			files = (
			);
			runOnlyForDeploymentPostprocessing = 0;
		};
		EA9D4AA4259BC00800D714E3 /* Frameworks */ = {
			isa = PBXFrameworksBuildPhase;
			buildActionMask = 2147483647;
			files = (
			);
			runOnlyForDeploymentPostprocessing = 0;
		};
/* End PBXFrameworksBuildPhase section */

/* Begin PBXGroup section */
		EA6B3652259CDEB50067DF84 /* Main */ = {
			isa = PBXGroup;
			children = (
				EA9D4A86259BC00700D714E3 /* AppDelegate.swift */,
				EA9D4A8C259BC00700D714E3 /* Main.storyboard */,
			);
			path = Main;
			sourceTree = "<group>";
		};
		EA6B3653259CDECC0067DF84 /* PurchaseList */ = {
			isa = PBXGroup;
			children = (
				EA6B365E259CDF320067DF84 /* View */,
				EA6B3654259CDED80067DF84 /* Controller */,
			);
			path = PurchaseList;
			sourceTree = "<group>";
		};
		EA6B3654259CDED80067DF84 /* Controller */ = {
			isa = PBXGroup;
			children = (
				EA6B3662259CDF670067DF84 /* PurchaseListTableViewController.swift */,
			);
			path = Controller;
			sourceTree = "<group>";
		};
		EA6B365E259CDF320067DF84 /* View */ = {
			isa = PBXGroup;
			children = (
				EA6B3675259CE9C20067DF84 /* PurchaseTableViewCell.swift */,
			);
			path = View;
			sourceTree = "<group>";
		};
		EA6B3692259D252B0067DF84 /* AddEditProduct */ = {
			isa = PBXGroup;
			children = (
				EA6B3693259D25360067DF84 /* Controller */,
			);
			path = AddEditProduct;
			sourceTree = "<group>";
		};
		EA6B3693259D25360067DF84 /* Controller */ = {
			isa = PBXGroup;
			children = (
				EA6B3694259D25800067DF84 /* AddEditProductViewController.swift */,
			);
			path = Controller;
			sourceTree = "<group>";
		};
		EA9D4A7A259BC00700D714E3 = {
			isa = PBXGroup;
			children = (
				EA9D4A85259BC00700D714E3 /* BarbaraPedroKauaTrabalhoFIAP */,
				EA9D4A9F259BC00800D714E3 /* BarbaraPedroKauaTrabalhoFIAPTests */,
				EA9D4AAA259BC00800D714E3 /* BarbaraPedroKauaTrabalhoFIAPUITests */,
				EA9D4A84259BC00700D714E3 /* Products */,
			);
			sourceTree = "<group>";
		};
		EA9D4A84259BC00700D714E3 /* Products */ = {
			isa = PBXGroup;
			children = (
				EA9D4A83259BC00700D714E3 /* BarbaraPedroKauaTrabalhoFIAP.app */,
				EA9D4A9C259BC00800D714E3 /* BarbaraPedroKauaTrabalhoFIAPTests.xctest */,
				EA9D4AA7259BC00800D714E3 /* BarbaraPedroKauaTrabalhoFIAPUITests.xctest */,
			);
			name = Products;
			sourceTree = "<group>";
		};
		EA9D4A85259BC00700D714E3 /* BarbaraPedroKauaTrabalhoFIAP */ = {
			isa = PBXGroup;
			children = (
				EA6B3692259D252B0067DF84 /* AddEditProduct */,
				EA6B3653259CDECC0067DF84 /* PurchaseList */,
				EA6B3652259CDEB50067DF84 /* Main */,
				EAE025D9259D594000EDA6E4 /* Files */,
				EAE025E7259D7EDA00EDA6E4 /* Extensions */,
				EAE025DA259D595A00EDA6E4 /* Supporting Files */,
				EA9D4A97259BC00700D714E3 /* Info.plist */,
			);
			path = BarbaraPedroKauaTrabalhoFIAP;
			sourceTree = "<group>";
		};
		EA9D4A9F259BC00800D714E3 /* BarbaraPedroKauaTrabalhoFIAPTests */ = {
			isa = PBXGroup;
			children = (
				EA9D4AA0259BC00800D714E3 /* BarbaraPedroKauaTrabalhoFIAPTests.swift */,
				EA9D4AA2259BC00800D714E3 /* Info.plist */,
			);
			path = BarbaraPedroKauaTrabalhoFIAPTests;
			sourceTree = "<group>";
		};
		EA9D4AAA259BC00800D714E3 /* BarbaraPedroKauaTrabalhoFIAPUITests */ = {
			isa = PBXGroup;
			children = (
				EA9D4AAB259BC00800D714E3 /* BarbaraPedroKauaTrabalhoFIAPUITests.swift */,
				EA9D4AAD259BC00800D714E3 /* Info.plist */,
			);
			path = BarbaraPedroKauaTrabalhoFIAPUITests;
			sourceTree = "<group>";
		};
		EAE025D9259D594000EDA6E4 /* Files */ = {
			isa = PBXGroup;
			children = (
				EA9D4A8F259BC00700D714E3 /* PurchaseDataModel.xcdatamodeld */,
			);
			path = Files;
			sourceTree = "<group>";
		};
		EAE025DA259D595A00EDA6E4 /* Supporting Files */ = {
			isa = PBXGroup;
			children = (
				EA9D4A92259BC00700D714E3 /* Assets.xcassets */,
				EA9D4A94259BC00700D714E3 /* LaunchScreen.storyboard */,
			);
			path = "Supporting Files";
			sourceTree = "<group>";
		};
		EAE025E7259D7EDA00EDA6E4 /* Extensions */ = {
			isa = PBXGroup;
			children = (
				EAE025E8259D7EFE00EDA6E4 /* UIViewController+Context.swift */,
			);
			path = Extensions;
			sourceTree = "<group>";
		};
/* End PBXGroup section */

/* Begin PBXNativeTarget section */
		EA9D4A82259BC00700D714E3 /* BarbaraPedroKauaTrabalhoFIAP */ = {
			isa = PBXNativeTarget;
			buildConfigurationList = EA9D4AB0259BC00800D714E3 /* Build configuration list for PBXNativeTarget "BarbaraPedroKauaTrabalhoFIAP" */;
			buildPhases = (
				EA9D4A7F259BC00700D714E3 /* Sources */,
				EA9D4A80259BC00700D714E3 /* Frameworks */,
				EA9D4A81259BC00700D714E3 /* Resources */,
			);
			buildRules = (
			);
			dependencies = (
			);
			name = BarbaraPedroKauaTrabalhoFIAP;
			productName = TrabalhoConclusaoiOSFiap;
			productReference = EA9D4A83259BC00700D714E3 /* BarbaraPedroKauaTrabalhoFIAP.app */;
			productType = "com.apple.product-type.application";
		};
		EA9D4A9B259BC00800D714E3 /* BarbaraPedroKauaTrabalhoFIAPTests */ = {
			isa = PBXNativeTarget;
			buildConfigurationList = EA9D4AB3259BC00800D714E3 /* Build configuration list for PBXNativeTarget "BarbaraPedroKauaTrabalhoFIAPTests" */;
			buildPhases = (
				EA9D4A98259BC00800D714E3 /* Sources */,
				EA9D4A99259BC00800D714E3 /* Frameworks */,
				EA9D4A9A259BC00800D714E3 /* Resources */,
			);
			buildRules = (
			);
			dependencies = (
				EA9D4A9E259BC00800D714E3 /* PBXTargetDependency */,
			);
			name = BarbaraPedroKauaTrabalhoFIAPTests;
			productName = TrabalhoConclusaoiOSFiapTests;
			productReference = EA9D4A9C259BC00800D714E3 /* BarbaraPedroKauaTrabalhoFIAPTests.xctest */;
			productType = "com.apple.product-type.bundle.unit-test";
		};
		EA9D4AA6259BC00800D714E3 /* BarbaraPedroKauaTrabalhoFIAPUITests */ = {
			isa = PBXNativeTarget;
			buildConfigurationList = EA9D4AB6259BC00800D714E3 /* Build configuration list for PBXNativeTarget "BarbaraPedroKauaTrabalhoFIAPUITests" */;
			buildPhases = (
				EA9D4AA3259BC00800D714E3 /* Sources */,
				EA9D4AA4259BC00800D714E3 /* Frameworks */,
				EA9D4AA5259BC00800D714E3 /* Resources */,
			);
			buildRules = (
			);
			dependencies = (
				EA9D4AA9259BC00800D714E3 /* PBXTargetDependency */,
			);
			name = BarbaraPedroKauaTrabalhoFIAPUITests;
			productName = TrabalhoConclusaoiOSFiapUITests;
			productReference = EA9D4AA7259BC00800D714E3 /* BarbaraPedroKauaTrabalhoFIAPUITests.xctest */;
			productType = "com.apple.product-type.bundle.ui-testing";
		};
/* End PBXNativeTarget section */

/* Begin PBXProject section */
		EA9D4A7B259BC00700D714E3 /* Project object */ = {
			isa = PBXProject;
			attributes = {
				LastSwiftUpdateCheck = 1230;
				LastUpgradeCheck = 1230;
				TargetAttributes = {
					EA9D4A82259BC00700D714E3 = {
						CreatedOnToolsVersion = 12.3;
					};
					EA9D4A9B259BC00800D714E3 = {
						CreatedOnToolsVersion = 12.3;
						TestTargetID = EA9D4A82259BC00700D714E3;
					};
					EA9D4AA6259BC00800D714E3 = {
						CreatedOnToolsVersion = 12.3;
						TestTargetID = EA9D4A82259BC00700D714E3;
					};
				};
			};
			buildConfigurationList = EA9D4A7E259BC00700D714E3 /* Build configuration list for PBXProject "BarbaraPedroKauaTrabalhoFIAP" */;
			compatibilityVersion = "Xcode 9.3";
			developmentRegion = en;
			hasScannedForEncodings = 0;
			knownRegions = (
				en,
				Base,
			);
			mainGroup = EA9D4A7A259BC00700D714E3;
			productRefGroup = EA9D4A84259BC00700D714E3 /* Products */;
			projectDirPath = "";
			projectRoot = "";
			targets = (
				EA9D4A82259BC00700D714E3 /* BarbaraPedroKauaTrabalhoFIAP */,
				EA9D4A9B259BC00800D714E3 /* BarbaraPedroKauaTrabalhoFIAPTests */,
				EA9D4AA6259BC00800D714E3 /* BarbaraPedroKauaTrabalhoFIAPUITests */,
			);
		};
/* End PBXProject section */

/* Begin PBXResourcesBuildPhase section */
		EA9D4A81259BC00700D714E3 /* Resources */ = {
			isa = PBXResourcesBuildPhase;
			buildActionMask = 2147483647;
			files = (
				EA9D4A96259BC00700D714E3 /* LaunchScreen.storyboard in Resources */,
				EA9D4A93259BC00700D714E3 /* Assets.xcassets in Resources */,
				EA9D4A8E259BC00700D714E3 /* Main.storyboard in Resources */,
			);
			runOnlyForDeploymentPostprocessing = 0;
		};
		EA9D4A9A259BC00800D714E3 /* Resources */ = {
			isa = PBXResourcesBuildPhase;
			buildActionMask = 2147483647;
			files = (
			);
			runOnlyForDeploymentPostprocessing = 0;
		};
		EA9D4AA5259BC00800D714E3 /* Resources */ = {
			isa = PBXResourcesBuildPhase;
			buildActionMask = 2147483647;
			files = (
			);
			runOnlyForDeploymentPostprocessing = 0;
		};
/* End PBXResourcesBuildPhase section */

/* Begin PBXSourcesBuildPhase section */
		EA9D4A7F259BC00700D714E3 /* Sources */ = {
			isa = PBXSourcesBuildPhase;
			buildActionMask = 2147483647;
			files = (
				EA6B3695259D25800067DF84 /* AddEditProductViewController.swift in Sources */,
				EA6B3664259CDF670067DF84 /* PurchaseListTableViewController.swift in Sources */,
				EAE025E9259D7EFE00EDA6E4 /* UIViewController+Context.swift in Sources */,
				EA9D4A91259BC00700D714E3 /* PurchaseDataModel.xcdatamodeld in Sources */,
				EA9D4A87259BC00700D714E3 /* AppDelegate.swift in Sources */,
				EA6B3677259CE9C20067DF84 /* PurchaseTableViewCell.swift in Sources */,
			);
			runOnlyForDeploymentPostprocessing = 0;
		};
		EA9D4A98259BC00800D714E3 /* Sources */ = {
			isa = PBXSourcesBuildPhase;
			buildActionMask = 2147483647;
			files = (
				EA9D4AA1259BC00800D714E3 /* BarbaraPedroKauaTrabalhoFIAPTests.swift in Sources */,
			);
			runOnlyForDeploymentPostprocessing = 0;
		};
		EA9D4AA3259BC00800D714E3 /* Sources */ = {
			isa = PBXSourcesBuildPhase;
			buildActionMask = 2147483647;
			files = (
				EA9D4AAC259BC00800D714E3 /* BarbaraPedroKauaTrabalhoFIAPUITests.swift in Sources */,
			);
			runOnlyForDeploymentPostprocessing = 0;
		};
/* End PBXSourcesBuildPhase section */

/* Begin PBXTargetDependency section */
		EA9D4A9E259BC00800D714E3 /* PBXTargetDependency */ = {
			isa = PBXTargetDependency;
			target = EA9D4A82259BC00700D714E3 /* BarbaraPedroKauaTrabalhoFIAP */;
			targetProxy = EA9D4A9D259BC00800D714E3 /* PBXContainerItemProxy */;
		};
		EA9D4AA9259BC00800D714E3 /* PBXTargetDependency */ = {
			isa = PBXTargetDependency;
			target = EA9D4A82259BC00700D714E3 /* BarbaraPedroKauaTrabalhoFIAP */;
			targetProxy = EA9D4AA8259BC00800D714E3 /* PBXContainerItemProxy */;
		};
/* End PBXTargetDependency section */

/* Begin PBXVariantGroup section */
		EA9D4A8C259BC00700D714E3 /* Main.storyboard */ = {
			isa = PBXVariantGroup;
			children = (
				EA9D4A8D259BC00700D714E3 /* Base */,
			);
			name = Main.storyboard;
			sourceTree = "<group>";
		};
		EA9D4A94259BC00700D714E3 /* LaunchScreen.storyboard */ = {
			isa = PBXVariantGroup;
			children = (
				EA9D4A95259BC00700D714E3 /* Base */,
			);
			name = LaunchScreen.storyboard;
			sourceTree = "<group>";
		};
/* End PBXVariantGroup section */

/* Begin XCBuildConfiguration section */
		EA9D4AAE259BC00800D714E3 /* Debug */ = {
			isa = XCBuildConfiguration;
			buildSettings = {
				ALWAYS_SEARCH_USER_PATHS = NO;
				CLANG_ANALYZER_NONNULL = YES;
				CLANG_ANALYZER_NUMBER_OBJECT_CONVERSION = YES_AGGRESSIVE;
				CLANG_CXX_LANGUAGE_STANDARD = "gnu++14";
				CLANG_CXX_LIBRARY = "libc++";
				CLANG_ENABLE_MODULES = YES;
				CLANG_ENABLE_OBJC_ARC = YES;
				CLANG_ENABLE_OBJC_WEAK = YES;
				CLANG_WARN_BLOCK_CAPTURE_AUTORELEASING = YES;
				CLANG_WARN_BOOL_CONVERSION = YES;
				CLANG_WARN_COMMA = YES;
				CLANG_WARN_CONSTANT_CONVERSION = YES;
				CLANG_WARN_DEPRECATED_OBJC_IMPLEMENTATIONS = YES;
				CLANG_WARN_DIRECT_OBJC_ISA_USAGE = YES_ERROR;
				CLANG_WARN_DOCUMENTATION_COMMENTS = YES;
				CLANG_WARN_EMPTY_BODY = YES;
				CLANG_WARN_ENUM_CONVERSION = YES;
				CLANG_WARN_INFINITE_RECURSION = YES;
				CLANG_WARN_INT_CONVERSION = YES;
				CLANG_WARN_NON_LITERAL_NULL_CONVERSION = YES;
				CLANG_WARN_OBJC_IMPLICIT_RETAIN_SELF = YES;
				CLANG_WARN_OBJC_LITERAL_CONVERSION = YES;
				CLANG_WARN_OBJC_ROOT_CLASS = YES_ERROR;
				CLANG_WARN_QUOTED_INCLUDE_IN_FRAMEWORK_HEADER = YES;
				CLANG_WARN_RANGE_LOOP_ANALYSIS = YES;
				CLANG_WARN_STRICT_PROTOTYPES = YES;
				CLANG_WARN_SUSPICIOUS_MOVE = YES;
				CLANG_WARN_UNGUARDED_AVAILABILITY = YES_AGGRESSIVE;
				CLANG_WARN_UNREACHABLE_CODE = YES;
				CLANG_WARN__DUPLICATE_METHOD_MATCH = YES;
				COPY_PHASE_STRIP = NO;
				DEBUG_INFORMATION_FORMAT = dwarf;
				ENABLE_STRICT_OBJC_MSGSEND = YES;
				ENABLE_TESTABILITY = YES;
				GCC_C_LANGUAGE_STANDARD = gnu11;
				GCC_DYNAMIC_NO_PIC = NO;
				GCC_NO_COMMON_BLOCKS = YES;
				GCC_OPTIMIZATION_LEVEL = 0;
				GCC_PREPROCESSOR_DEFINITIONS = (
					"DEBUG=1",
					"$(inherited)",
				);
				GCC_WARN_64_TO_32_BIT_CONVERSION = YES;
				GCC_WARN_ABOUT_RETURN_TYPE = YES_ERROR;
				GCC_WARN_UNDECLARED_SELECTOR = YES;
				GCC_WARN_UNINITIALIZED_AUTOS = YES_AGGRESSIVE;
				GCC_WARN_UNUSED_FUNCTION = YES;
				GCC_WARN_UNUSED_VARIABLE = YES;
				IPHONEOS_DEPLOYMENT_TARGET = 14.3;
				MTL_ENABLE_DEBUG_INFO = INCLUDE_SOURCE;
				MTL_FAST_MATH = YES;
				ONLY_ACTIVE_ARCH = YES;
				SDKROOT = iphoneos;
				SWIFT_ACTIVE_COMPILATION_CONDITIONS = DEBUG;
				SWIFT_OPTIMIZATION_LEVEL = "-Onone";
			};
			name = Debug;
		};
		EA9D4AAF259BC00800D714E3 /* Release */ = {
			isa = XCBuildConfiguration;
			buildSettings = {
				ALWAYS_SEARCH_USER_PATHS = NO;
				CLANG_ANALYZER_NONNULL = YES;
				CLANG_ANALYZER_NUMBER_OBJECT_CONVERSION = YES_AGGRESSIVE;
				CLANG_CXX_LANGUAGE_STANDARD = "gnu++14";
				CLANG_CXX_LIBRARY = "libc++";
				CLANG_ENABLE_MODULES = YES;
				CLANG_ENABLE_OBJC_ARC = YES;
				CLANG_ENABLE_OBJC_WEAK = YES;
				CLANG_WARN_BLOCK_CAPTURE_AUTORELEASING = YES;
				CLANG_WARN_BOOL_CONVERSION = YES;
				CLANG_WARN_COMMA = YES;
				CLANG_WARN_CONSTANT_CONVERSION = YES;
				CLANG_WARN_DEPRECATED_OBJC_IMPLEMENTATIONS = YES;
				CLANG_WARN_DIRECT_OBJC_ISA_USAGE = YES_ERROR;
				CLANG_WARN_DOCUMENTATION_COMMENTS = YES;
				CLANG_WARN_EMPTY_BODY = YES;
				CLANG_WARN_ENUM_CONVERSION = YES;
				CLANG_WARN_INFINITE_RECURSION = YES;
				CLANG_WARN_INT_CONVERSION = YES;
				CLANG_WARN_NON_LITERAL_NULL_CONVERSION = YES;
				CLANG_WARN_OBJC_IMPLICIT_RETAIN_SELF = YES;
				CLANG_WARN_OBJC_LITERAL_CONVERSION = YES;
				CLANG_WARN_OBJC_ROOT_CLASS = YES_ERROR;
				CLANG_WARN_QUOTED_INCLUDE_IN_FRAMEWORK_HEADER = YES;
				CLANG_WARN_RANGE_LOOP_ANALYSIS = YES;
				CLANG_WARN_STRICT_PROTOTYPES = YES;
				CLANG_WARN_SUSPICIOUS_MOVE = YES;
				CLANG_WARN_UNGUARDED_AVAILABILITY = YES_AGGRESSIVE;
				CLANG_WARN_UNREACHABLE_CODE = YES;
				CLANG_WARN__DUPLICATE_METHOD_MATCH = YES;
				COPY_PHASE_STRIP = NO;
				DEBUG_INFORMATION_FORMAT = "dwarf-with-dsym";
				ENABLE_NS_ASSERTIONS = NO;
				ENABLE_STRICT_OBJC_MSGSEND = YES;
				GCC_C_LANGUAGE_STANDARD = gnu11;
				GCC_NO_COMMON_BLOCKS = YES;
				GCC_WARN_64_TO_32_BIT_CONVERSION = YES;
				GCC_WARN_ABOUT_RETURN_TYPE = YES_ERROR;
				GCC_WARN_UNDECLARED_SELECTOR = YES;
				GCC_WARN_UNINITIALIZED_AUTOS = YES_AGGRESSIVE;
				GCC_WARN_UNUSED_FUNCTION = YES;
				GCC_WARN_UNUSED_VARIABLE = YES;
				IPHONEOS_DEPLOYMENT_TARGET = 14.3;
				MTL_ENABLE_DEBUG_INFO = NO;
				MTL_FAST_MATH = YES;
				SDKROOT = iphoneos;
				SWIFT_COMPILATION_MODE = wholemodule;
				SWIFT_OPTIMIZATION_LEVEL = "-O";
				VALIDATE_PRODUCT = YES;
			};
			name = Release;
		};
		EA9D4AB1259BC00800D714E3 /* Debug */ = {
			isa = XCBuildConfiguration;
			buildSettings = {
				ASSETCATALOG_COMPILER_APPICON_NAME = AppIcon;
				ASSETCATALOG_COMPILER_GLOBAL_ACCENT_COLOR_NAME = AccentColor;
				CODE_SIGN_STYLE = Automatic;
				DEVELOPMENT_TEAM = 73NDB75A3E;
				INFOPLIST_FILE = BarbaraPedroKauaTrabalhoFIAP/Info.plist;
				IPHONEOS_DEPLOYMENT_TARGET = 12.0;
				LD_RUNPATH_SEARCH_PATHS = (
					"$(inherited)",
					"@executable_path/Frameworks",
				);
				PRODUCT_BUNDLE_IDENTIFIER = br.com.fiap.barbara.pedro.kaua;
				PRODUCT_NAME = "$(TARGET_NAME)";
				SWIFT_VERSION = 5.0;
				TARGETED_DEVICE_FAMILY = 1;
			};
			name = Debug;
		};
		EA9D4AB2259BC00800D714E3 /* Release */ = {
			isa = XCBuildConfiguration;
			buildSettings = {
				ASSETCATALOG_COMPILER_APPICON_NAME = AppIcon;
				ASSETCATALOG_COMPILER_GLOBAL_ACCENT_COLOR_NAME = AccentColor;
				CODE_SIGN_STYLE = Automatic;
				DEVELOPMENT_TEAM = 73NDB75A3E;
				INFOPLIST_FILE = BarbaraPedroKauaTrabalhoFIAP/Info.plist;
				IPHONEOS_DEPLOYMENT_TARGET = 12.0;
				LD_RUNPATH_SEARCH_PATHS = (
					"$(inherited)",
					"@executable_path/Frameworks",
				);
				PRODUCT_BUNDLE_IDENTIFIER = br.com.fiap.barbara.pedro.kaua;
				PRODUCT_NAME = "$(TARGET_NAME)";
				SWIFT_VERSION = 5.0;
				TARGETED_DEVICE_FAMILY = 1;
			};
			name = Release;
		};
		EA9D4AB4259BC00800D714E3 /* Debug */ = {
			isa = XCBuildConfiguration;
			buildSettings = {
				ALWAYS_EMBED_SWIFT_STANDARD_LIBRARIES = YES;
				BUNDLE_LOADER = "$(TEST_HOST)";
				CODE_SIGN_STYLE = Automatic;
				DEVELOPMENT_TEAM = 73NDB75A3E;
				INFOPLIST_FILE = BarbaraPedroKauaTrabalhoFIAPTests/Info.plist;
				IPHONEOS_DEPLOYMENT_TARGET = 14.3;
				LD_RUNPATH_SEARCH_PATHS = (
					"$(inherited)",
					"@executable_path/Frameworks",
					"@loader_path/Frameworks",
				);
				PRODUCT_BUNDLE_IDENTIFIER = br.com.fiap.barbara.TrabalhoConclusaoiOSFiapTests;
				PRODUCT_NAME = "$(TARGET_NAME)";
				SWIFT_VERSION = 5.0;
				TARGETED_DEVICE_FAMILY = "1,2";
				TEST_HOST = "$(BUILT_PRODUCTS_DIR)/BarbaraPedroKauaTrabalhoFIAP.app/BarbaraPedroKauaTrabalhoFIAP";
			};
			name = Debug;
		};
		EA9D4AB5259BC00800D714E3 /* Release */ = {
			isa = XCBuildConfiguration;
			buildSettings = {
				ALWAYS_EMBED_SWIFT_STANDARD_LIBRARIES = YES;
				BUNDLE_LOADER = "$(TEST_HOST)";
				CODE_SIGN_STYLE = Automatic;
				DEVELOPMENT_TEAM = 73NDB75A3E;
				INFOPLIST_FILE = BarbaraPedroKauaTrabalhoFIAPTests/Info.plist;
				IPHONEOS_DEPLOYMENT_TARGET = 14.3;
				LD_RUNPATH_SEARCH_PATHS = (
					"$(inherited)",
					"@executable_path/Frameworks",
					"@loader_path/Frameworks",
				);
				PRODUCT_BUNDLE_IDENTIFIER = br.com.fiap.barbara.TrabalhoConclusaoiOSFiapTests;
				PRODUCT_NAME = "$(TARGET_NAME)";
				SWIFT_VERSION = 5.0;
				TARGETED_DEVICE_FAMILY = "1,2";
				TEST_HOST = "$(BUILT_PRODUCTS_DIR)/BarbaraPedroKauaTrabalhoFIAP.app/BarbaraPedroKauaTrabalhoFIAP";
			};
			name = Release;
		};
		EA9D4AB7259BC00800D714E3 /* Debug */ = {
			isa = XCBuildConfiguration;
			buildSettings = {
				ALWAYS_EMBED_SWIFT_STANDARD_LIBRARIES = YES;
				CODE_SIGN_STYLE = Automatic;
				DEVELOPMENT_TEAM = 73NDB75A3E;
				INFOPLIST_FILE = BarbaraPedroKauaTrabalhoFIAPUITests/Info.plist;
				LD_RUNPATH_SEARCH_PATHS = (
					"$(inherited)",
					"@executable_path/Frameworks",
					"@loader_path/Frameworks",
				);
				PRODUCT_BUNDLE_IDENTIFIER = br.com.fiap.barbara.TrabalhoConclusaoiOSFiapUITests;
				PRODUCT_NAME = "$(TARGET_NAME)";
				SWIFT_VERSION = 5.0;
				TARGETED_DEVICE_FAMILY = "1,2";
				TEST_TARGET_NAME = TrabalhoConclusaoiOSFiap;
			};
			name = Debug;
		};
		EA9D4AB8259BC00800D714E3 /* Release */ = {
			isa = XCBuildConfiguration;
			buildSettings = {
				ALWAYS_EMBED_SWIFT_STANDARD_LIBRARIES = YES;
				CODE_SIGN_STYLE = Automatic;
				DEVELOPMENT_TEAM = 73NDB75A3E;
				INFOPLIST_FILE = BarbaraPedroKauaTrabalhoFIAPUITests/Info.plist;
				LD_RUNPATH_SEARCH_PATHS = (
					"$(inherited)",
					"@executable_path/Frameworks",
					"@loader_path/Frameworks",
				);
				PRODUCT_BUNDLE_IDENTIFIER = br.com.fiap.barbara.TrabalhoConclusaoiOSFiapUITests;
				PRODUCT_NAME = "$(TARGET_NAME)";
				SWIFT_VERSION = 5.0;
				TARGETED_DEVICE_FAMILY = "1,2";
				TEST_TARGET_NAME = TrabalhoConclusaoiOSFiap;
			};
			name = Release;
		};
/* End XCBuildConfiguration section */

/* Begin XCConfigurationList section */
		EA9D4A7E259BC00700D714E3 /* Build configuration list for PBXProject "BarbaraPedroKauaTrabalhoFIAP" */ = {
			isa = XCConfigurationList;
			buildConfigurations = (
				EA9D4AAE259BC00800D714E3 /* Debug */,
				EA9D4AAF259BC00800D714E3 /* Release */,
			);
			defaultConfigurationIsVisible = 0;
			defaultConfigurationName = Release;
		};
		EA9D4AB0259BC00800D714E3 /* Build configuration list for PBXNativeTarget "BarbaraPedroKauaTrabalhoFIAP" */ = {
			isa = XCConfigurationList;
			buildConfigurations = (
				EA9D4AB1259BC00800D714E3 /* Debug */,
				EA9D4AB2259BC00800D714E3 /* Release */,
			);
			defaultConfigurationIsVisible = 0;
			defaultConfigurationName = Release;
		};
		EA9D4AB3259BC00800D714E3 /* Build configuration list for PBXNativeTarget "BarbaraPedroKauaTrabalhoFIAPTests" */ = {
			isa = XCConfigurationList;
			buildConfigurations = (
				EA9D4AB4259BC00800D714E3 /* Debug */,
				EA9D4AB5259BC00800D714E3 /* Release */,
			);
			defaultConfigurationIsVisible = 0;
			defaultConfigurationName = Release;
		};
		EA9D4AB6259BC00800D714E3 /* Build configuration list for PBXNativeTarget "BarbaraPedroKauaTrabalhoFIAPUITests" */ = {
			isa = XCConfigurationList;
			buildConfigurations = (
				EA9D4AB7259BC00800D714E3 /* Debug */,
				EA9D4AB8259BC00800D714E3 /* Release */,
			);
			defaultConfigurationIsVisible = 0;
			defaultConfigurationName = Release;
		};
/* End XCConfigurationList section */

/* Begin XCVersionGroup section */
		EA9D4A8F259BC00700D714E3 /* PurchaseDataModel.xcdatamodeld */ = {
			isa = XCVersionGroup;
			children = (
				EA9D4A90259BC00700D714E3 /* TrabalhoConclusaoiOSFiap.xcdatamodel */,
			);
			currentVersion = EA9D4A90259BC00700D714E3 /* TrabalhoConclusaoiOSFiap.xcdatamodel */;
			path = PurchaseDataModel.xcdatamodeld;
			sourceTree = "<group>";
			versionGroupType = wrapper.xcdatamodel;
		};
/* End XCVersionGroup section */
	};
	rootObject = EA9D4A7B259BC00700D714E3 /* Project object */;
}
